github.com/gbin/goncurses v0.0.0-20141106211150-34d9399fcea5 h1:1zsAMqM0C3Yjv9KWjh/68s/07bYeev6c0D4FwHkl13w=
github.com/gbin/goncurses v0.0.0-20141106211150-34d9399fcea5/go.mod h1:dmRjyC3ZOQQ4EXWMOIAQi0TLaJPcg61LFsJ9mvhSGRE=
github.com/rthornton128/goncurses v0.0.0-20210908011339-931b33a34c71 h1:1lA/ljJAwqsNo7HHUG7M4XY9dkp6aYnnW5Tglh7bEgA=
github.com/rthornton128/goncurses v0.0.0-20210908011339-931b33a34c71/go.mod h1:AHlKFomPTwmO7H2vL8d7VNrQNQmhMi/DBhDnHRhjbCo=
golang.org/x/sys v0.0.0-20210615035016-665e8c7367d1 h1:SrN+KX8Art/Sf4HNj6Zcz06G7VEz+7w9tdXTPOZ7+l4=
golang.org/x/sys v0.0.0-20210615035016-665e8c7367d1/go.mod h1:oPkhp1MJrh7nUepCBck5+mAzfO9JrbApNNgaTdGDITg=
golang.org/x/term v0.0.0-20210927222741-03fcf44c2211 h1:JGgROgKl9N8DuW20oFS5gxc+lE67/N3FcwmBPMe7ArY=
golang.org/x/term v0.0.0-20210927222741-03fcf44c2211/go.mod h1:jbD1KX2456YbFQfuXm/mYQcufACuNUgVhRMnK/tPxf8=
